<?xml version="1.0" encoding="utf-8"?>
<Project ToolsVersion="4.0" xmlns="http://schemas.microsoft.com/developer/msbuild/2003">
  <ItemGroup>
    <Filter Include="소스 파일">
      <UniqueIdentifier>{4FC737F1-C7A5-4376-A066-2A32D752A2FF}</UniqueIdentifier>
      <Extensions>cpp;c;cc;cxx;c++;cppm;ixx;def;odl;idl;hpj;bat;asm;asmx</Extensions>
    </Filter>
    <Filter Include="헤더 파일">
      <UniqueIdentifier>{93995380-89BD-4b04-88EB-625FBE52EBFB}</UniqueIdentifier>
      <Extensions>h;hh;hpp;hxx;h++;hm;inl;inc;ipp;xsd</Extensions>
    </Filter>
    <Filter Include="리소스 파일">
      <UniqueIdentifier>{67DA6AB6-F800-4c08-8B7A-83BB121AAD01}</UniqueIdentifier>
      <Extensions>rc;ico;cur;bmp;dlg;rc2;rct;bin;rgs;gif;jpg;jpeg;jpe;resx;tiff;tif;png;wav;mfcribbon-ms</Extensions>
    </Filter>
    <Filter Include="헤더 파일\Headers">
      <UniqueIdentifier>{ef5fd162-6b5c-49d0-8255-788eb6b6ee3d}</UniqueIdentifier>
    </Filter>
    <Filter Include="헤더 파일\Include">
      <UniqueIdentifier>{6dbca4c0-7aa8-4050-bbe9-67f55e8aad10}</UniqueIdentifier>
    </Filter>
    <Filter Include="소스 파일\00. MainUpdate">
      <UniqueIdentifier>{e5472297-e5a2-4b79-b817-03a6d50d4e4c}</UniqueIdentifier>
    </Filter>
    <Filter Include="소스 파일\01. Scene">
      <UniqueIdentifier>{620c74d1-e0e9-4408-ade2-2090f36ab703}</UniqueIdentifier>
    </Filter>
    <Filter Include="소스 파일\02. Object">
      <UniqueIdentifier>{cd86b791-9607-4854-a72a-c7c1f3b67ad3}</UniqueIdentifier>
    </Filter>
    <Filter Include="소스 파일\99. Manager">
      <UniqueIdentifier>{528f4a16-c921-44b1-bd97-df01b3ef6afe}</UniqueIdentifier>
    </Filter>
    <Filter Include="소스 파일\02. Object\Bullet">
      <UniqueIdentifier>{4d4cae93-b402-4d99-a224-cf1f3e70561d}</UniqueIdentifier>
    </Filter>
    <Filter Include="소스 파일\02. Object\Enemy">
      <UniqueIdentifier>{9e9fa57f-d103-42b8-be2f-41886baa06b7}</UniqueIdentifier>
    </Filter>
    <Filter Include="소스 파일\02. Object\Player">
      <UniqueIdentifier>{154719d2-b392-4916-b824-2d486f13f7c9}</UniqueIdentifier>
    </Filter>
    <Filter Include="소스 파일\01. Scene\Logo">
      <UniqueIdentifier>{aee341b7-0f14-4410-a5dc-b23d58806f1d}</UniqueIdentifier>
    </Filter>
    <Filter Include="소스 파일\01. Scene\Menu">
      <UniqueIdentifier>{f00153ca-a01d-41c7-95e8-d545b5d89af9}</UniqueIdentifier>
    </Filter>
    <Filter Include="소스 파일\01. Scene\Stage">
      <UniqueIdentifier>{ee27c478-e81d-4892-b8c1-a05f959bd967}</UniqueIdentifier>
    </Filter>
    <Filter Include="소스 파일\99. Manager\InputManager">
      <UniqueIdentifier>{5ef9eb4c-6e6c-49fa-ba3f-002a58fbc8cc}</UniqueIdentifier>
    </Filter>
    <Filter Include="소스 파일\99. Manager\ObjectFactory">
      <UniqueIdentifier>{00362abf-c076-475c-88cd-c2f15a0aa28b}</UniqueIdentifier>
    </Filter>
    <Filter Include="소스 파일\99. Manager\ObjectManager">
      <UniqueIdentifier>{232bd2c2-5e3f-4a42-96ef-cc7ccf669a57}</UniqueIdentifier>
    </Filter>
    <Filter Include="소스 파일\99. Manager\SceneManager">
      <UniqueIdentifier>{ee2207fc-57d4-4479-87ff-c58ef98f3d7c}</UniqueIdentifier>
    </Filter>
    <Filter Include="소스 파일\99. Manager\Pattern">
      <UniqueIdentifier>{a548b184-b91c-43b8-b826-f659ca020231}</UniqueIdentifier>
    </Filter>
    <Filter Include="소스 파일\99. Manager\Pattern\Prototype">
      <UniqueIdentifier>{ab15e6f0-9797-4dd6-8569-a7ad3dd1b12f}</UniqueIdentifier>
    </Filter>
    <Filter Include="소스 파일\99. Manager\CollisionManager">
      <UniqueIdentifier>{bfd29dc4-8124-47ff-a70c-a694a76d0c90}</UniqueIdentifier>
    </Filter>
    <Filter Include="소스 파일\99. Manager\MathManager">
      <UniqueIdentifier>{137836cd-84c4-4169-b9e4-6d74da496c31}</UniqueIdentifier>
    </Filter>
    <Filter Include="소스 파일\99. Manager\RenderManager">
      <UniqueIdentifier>{84c92547-6995-4512-be12-1aa8f8d0f0d1}</UniqueIdentifier>
    </Filter>
    <Filter Include="소스 파일\99. Manager\RenderManager\Bitmap">
      <UniqueIdentifier>{5c0e7c88-281f-4729-920c-d9021fd496fb}</UniqueIdentifier>
    </Filter>
    <Filter Include="소스 파일\02. Object\Stage_Back">
      <UniqueIdentifier>{2c929ed0-c929-4160-958b-ae0494390414}</UniqueIdentifier>
    </Filter>
    <Filter Include="소스 파일\02. Object\HammerEffect">
      <UniqueIdentifier>{7353529c-7fbe-4f59-8585-3528b7469562}</UniqueIdentifier>
    </Filter>
    <Filter Include="소스 파일\02. Object\EnemyHole">
      <UniqueIdentifier>{1fddb5f6-07f1-4fdd-831f-6b2b8527286b}</UniqueIdentifier>
    </Filter>
    <Filter Include="소스 파일\99. Manager\Pattern\Bridge">
      <UniqueIdentifier>{02db03d0-e8ee-4def-91f6-37a90507e209}</UniqueIdentifier>
    </Filter>
    <Filter Include="소스 파일\02. Object\Bullet\BulletBridge">
      <UniqueIdentifier>{48426ef1-ed9c-4212-8539-1338a3cf04ab}</UniqueIdentifier>
    </Filter>
    <Filter Include="소스 파일\02. Object\Bullet\BulletBridge\NormalBullet">
      <UniqueIdentifier>{2bb19905-60ab-4c65-ace5-e10b29b48e30}</UniqueIdentifier>
    </Filter>
    <Filter Include="소스 파일\02. Object\Enemy\EnemyBridge">
      <UniqueIdentifier>{205ef94f-4c74-4d67-933e-c449ab6e4124}</UniqueIdentifier>
    </Filter>
    <Filter Include="소스 파일\02. Object\Bullet\BulletBridge\UpBullet">
      <UniqueIdentifier>{b6ea60ef-751c-4d7b-92b7-34b33e922211}</UniqueIdentifier>
    </Filter>
    <Filter Include="소스 파일\02. Object\Enemy\EnemyBridge\NormalEnemy">
      <UniqueIdentifier>{c9afd44e-0ba5-4f2a-885d-2ecd9bb87a9b}</UniqueIdentifier>
    </Filter>
    <Filter Include="소스 파일\02. Object\Enemy\EnemyBridge\BossEnemy">
      <UniqueIdentifier>{925d6a3f-e0f6-4b43-8d3c-a0bd23d64539}</UniqueIdentifier>
    </Filter>
    <Filter Include="소스 파일\02. Object\UI">
      <UniqueIdentifier>{b5921640-82a5-468f-949b-9955669499f2}</UniqueIdentifier>
    </Filter>
    <Filter Include="소스 파일\02. Object\UI\UIButton">
      <UniqueIdentifier>{15821e21-d398-40ec-abaa-ec52b6dc150a}</UniqueIdentifier>
    </Filter>
  </ItemGroup>
  <ItemGroup>
    <ClInclude Include="API_Framework.h">
      <Filter>헤더 파일\Headers</Filter>
    </ClInclude>
    <ClInclude Include="framework.h">
      <Filter>헤더 파일\Headers</Filter>
    </ClInclude>
    <ClInclude Include="Resource.h">
      <Filter>헤더 파일\Headers</Filter>
    </ClInclude>
    <ClInclude Include="targetver.h">
      <Filter>헤더 파일\Headers</Filter>
    </ClInclude>
    <ClInclude Include="Struct.h">
      <Filter>헤더 파일\Include</Filter>
    </ClInclude>
    <ClInclude Include="Enum.h">
      <Filter>헤더 파일\Include</Filter>
    </ClInclude>
    <ClInclude Include="Define.h">
      <Filter>헤더 파일\Include</Filter>
    </ClInclude>
    <ClInclude Include="Constant.h">
      <Filter>헤더 파일\Include</Filter>
    </ClInclude>
    <ClInclude Include="Headers.h">
      <Filter>헤더 파일</Filter>
    </ClInclude>
    <ClInclude Include="MainUpdate.h">
      <Filter>소스 파일\00. MainUpdate</Filter>
    </ClInclude>
    <ClInclude Include="Scene.h">
      <Filter>소스 파일\01. Scene</Filter>
    </ClInclude>
    <ClInclude Include="Object.h">
      <Filter>소스 파일\02. Object</Filter>
    </ClInclude>
    <ClInclude Include="Bullet.h">
      <Filter>소스 파일\02. Object\Bullet</Filter>
    </ClInclude>
    <ClInclude Include="Enemy.h">
      <Filter>소스 파일\02. Object\Enemy</Filter>
    </ClInclude>
    <ClInclude Include="Player.h">
      <Filter>소스 파일\02. Object\Player</Filter>
    </ClInclude>
    <ClInclude Include="Logo.h">
      <Filter>소스 파일\01. Scene\Logo</Filter>
    </ClInclude>
    <ClInclude Include="Menu.h">
      <Filter>소스 파일\01. Scene\Menu</Filter>
    </ClInclude>
    <ClInclude Include="Stage.h">
      <Filter>소스 파일\01. Scene\Stage</Filter>
    </ClInclude>
    <ClInclude Include="InputManager.h">
      <Filter>소스 파일\99. Manager\InputManager</Filter>
    </ClInclude>
    <ClInclude Include="ObjectFactory.h">
      <Filter>소스 파일\99. Manager\ObjectFactory</Filter>
    </ClInclude>
    <ClInclude Include="ObjectManager.h">
      <Filter>소스 파일\99. Manager\ObjectManager</Filter>
    </ClInclude>
    <ClInclude Include="Prototype.h">
      <Filter>소스 파일\99. Manager\Pattern\Prototype</Filter>
    </ClInclude>
    <ClInclude Include="SceneManager.h">
      <Filter>소스 파일\99. Manager\SceneManager</Filter>
    </ClInclude>
    <ClInclude Include="CollisionManager.h">
      <Filter>소스 파일\99. Manager\CollisionManager</Filter>
    </ClInclude>
    <ClInclude Include="MathManager.h">
      <Filter>소스 파일\99. Manager\MathManager</Filter>
    </ClInclude>
    <ClInclude Include="RenderManager.h">
      <Filter>소스 파일\99. Manager\RenderManager</Filter>
    </ClInclude>
    <ClInclude Include="Bitmap.h">
      <Filter>소스 파일\99. Manager\RenderManager\Bitmap</Filter>
    </ClInclude>
    <ClInclude Include="Stage_Back.h">
      <Filter>소스 파일\02. Object\Stage_Back</Filter>
    </ClInclude>
    <ClInclude Include="HammerEffect.h">
      <Filter>소스 파일\02. Object\HammerEffect</Filter>
    </ClInclude>
    <ClInclude Include="EnemyHole.h">
      <Filter>소스 파일\02. Object\EnemyHole</Filter>
    </ClInclude>
    <ClInclude Include="Bridge.h">
      <Filter>소스 파일\99. Manager\Pattern\Bridge</Filter>
    </ClInclude>
    <ClInclude Include="BulletBridge.h">
      <Filter>소스 파일\02. Object\Bullet\BulletBridge</Filter>
    </ClInclude>
    <ClInclude Include="NormalBullet.h">
      <Filter>소스 파일\02. Object\Bullet\BulletBridge\NormalBullet</Filter>
    </ClInclude>
    <ClInclude Include="UpBullet.h">
      <Filter>소스 파일\02. Object\Bullet\BulletBridge\UpBullet</Filter>
    </ClInclude>
    <ClInclude Include="NormalEnemy.h">
      <Filter>소스 파일\02. Object\Enemy\EnemyBridge\NormalEnemy</Filter>
    </ClInclude>
    <ClInclude Include="BossEnemy.h">
      <Filter>소스 파일\02. Object\Enemy\EnemyBridge\BossEnemy</Filter>
    </ClInclude>
    <ClInclude Include="EnemyBridge.h">
      <Filter>소스 파일\02. Object\Enemy\EnemyBridge</Filter>
    </ClInclude>
    <ClInclude Include="MyButton.h">
      <Filter>소스 파일\02. Object\UI\UIButton</Filter>
    </ClInclude>
  </ItemGroup>
  <ItemGroup>
    <ClCompile Include="MainUpdate.cpp">
      <Filter>소스 파일\00. MainUpdate</Filter>
    </ClCompile>
    <ClCompile Include="Scene.cpp">
      <Filter>소스 파일\01. Scene</Filter>
    </ClCompile>
    <ClCompile Include="Object.cpp">
      <Filter>소스 파일\02. Object</Filter>
    </ClCompile>
    <ClCompile Include="Bullet.cpp">
      <Filter>소스 파일\02. Object\Bullet</Filter>
    </ClCompile>
    <ClCompile Include="Enemy.cpp">
      <Filter>소스 파일\02. Object\Enemy</Filter>
    </ClCompile>
    <ClCompile Include="Player.cpp">
      <Filter>소스 파일\02. Object\Player</Filter>
    </ClCompile>
    <ClCompile Include="Logo.cpp">
      <Filter>소스 파일\01. Scene\Logo</Filter>
    </ClCompile>
    <ClCompile Include="Menu.cpp">
      <Filter>소스 파일\01. Scene\Menu</Filter>
    </ClCompile>
    <ClCompile Include="Stage.cpp">
      <Filter>소스 파일\01. Scene\Stage</Filter>
    </ClCompile>
    <ClCompile Include="InputManager.cpp">
      <Filter>소스 파일\99. Manager\InputManager</Filter>
    </ClCompile>
    <ClCompile Include="ObjectManager.cpp">
      <Filter>소스 파일\99. Manager\ObjectManager</Filter>
    </ClCompile>
    <ClCompile Include="Prototype.cpp">
      <Filter>소스 파일\99. Manager\Pattern\Prototype</Filter>
    </ClCompile>
    <ClCompile Include="SceneManager.cpp">
      <Filter>소스 파일\99. Manager\SceneManager</Filter>
    </ClCompile>
    <ClCompile Include="MathManager.cpp">
      <Filter>소스 파일\99. Manager\MathManager</Filter>
    </ClCompile>
    <ClCompile Include="RenderManager.cpp">
      <Filter>소스 파일\99. Manager\RenderManager</Filter>
    </ClCompile>
    <ClCompile Include="Bitmap.cpp">
      <Filter>소스 파일\99. Manager\RenderManager\Bitmap</Filter>
    </ClCompile>
    <ClCompile Include="Stage_Back.cpp">
      <Filter>소스 파일\02. Object\Stage_Back</Filter>
    </ClCompile>
    <ClCompile Include="HammerEffect.cpp">
      <Filter>소스 파일\02. Object\HammerEffect</Filter>
    </ClCompile>
    <ClCompile Include="EnemyHole.cpp">
      <Filter>소스 파일\02. Object\EnemyHole</Filter>
    </ClCompile>
    <ClCompile Include="Bridge.cpp">
      <Filter>소스 파일\99. Manager\Pattern\Bridge</Filter>
    </ClCompile>
    <ClCompile Include="API_Framework.cpp">
      <Filter>헤더 파일</Filter>
    </ClCompile>
    <ClCompile Include="BulletBridge.cpp">
      <Filter>소스 파일\02. Object\Bullet\BulletBridge</Filter>
    </ClCompile>
    <ClCompile Include="NormalBullet.cpp">
      <Filter>소스 파일\02. Object\Bullet\BulletBridge\NormalBullet</Filter>
    </ClCompile>
    <ClCompile Include="UpBullet.cpp">
      <Filter>소스 파일\02. Object\Bullet\BulletBridge\UpBullet</Filter>
    </ClCompile>
    <ClCompile Include="NormalEnemy.cpp">
      <Filter>소스 파일\02. Object\Enemy\EnemyBridge\NormalEnemy</Filter>
    </ClCompile>
    <ClCompile Include="BossEnemy.cpp">
      <Filter>소스 파일\02. Object\Enemy\EnemyBridge\BossEnemy</Filter>
    </ClCompile>
    <ClCompile Include="EnemyBridge.cpp">
      <Filter>소스 파일\02. Object\Enemy\EnemyBridge</Filter>
    </ClCompile>
    <ClCompile Include="MyButton.cpp">
      <Filter>소스 파일\02. Object\UI\UIButton</Filter>
    </ClCompile>
  </ItemGroup>
  <ItemGroup>
    <ResourceCompile Include="API_Framework.rc">
      <Filter>리소스 파일</Filter>
    </ResourceCompile>
  </ItemGroup>
  <ItemGroup>
    <Image Include="small.ico">
      <Filter>리소스 파일</Filter>
    </Image>
    <Image Include="API_Framework.ico">
      <Filter>리소스 파일</Filter>
    </Image>
  </ItemGroup>
</Project>